
Microsoft Visual Studio Solution File, Format Version 12.00
# Visual Studio 15
VisualStudioVersion = 15.0.28307.645
MinimumVisualStudioVersion = 10.0.40219.1
Project("{778DAE3C-4631-46EA-AA77-85C1314464D9}") = "4.2Ventas", "EstructuraDatos\4.2Ventas.vbproj", "{9475CF22-6113-4267-A285-E15FB526A5FB}"
EndProject
Project("{778DAE3C-4631-46EA-AA77-85C1314464D9}") = "4.1Media", "4.1Media\4.1Media.vbproj", "{AB156047-F4D1-40C2-81C6-9048DC6B6814}"
EndProject
Project("{F184B08F-C81C-45F6-A57F-5ABD9991F28F}") = "4.3Notass", "4.3Notass\4.3Notass.vbproj", "{809DFC5A-5296-49BD-94B3-42339A079F85}"
EndProject
Project("{F184B08F-C81C-45F6-A57F-5ABD9991F28F}") = "4.4DominioPais", "4.4DominioPais\4.4DominioPais.vbproj", "{FB46EB9D-9801-4134-920F-18BCC0559C6F}"
EndProject
Project("{778DAE3C-4631-46EA-AA77-85C1314464D9}") = "4.3Notas", "4.3Notas\4.3Notas.vbproj", "{CD5D55DA-7975-4657-B2A5-C0265452D73D}"
EndProject
Project("{F184B08F-C81C-45F6-A57F-5ABD9991F28F}") = "4.5DominioPais", "4.5DominioPais\4.5DominioPais.vbproj", "{418C93C4-3406-405E-BCB0-28D420D76440}"
EndProject
Project("{778DAE3C-4631-46EA-AA77-85C1314464D9}") = "4.6NotasCollection", "4.6NotasCollection\4.6NotasCollection.vbproj", "{F7EFDA2B-8198-434E-A4A8-5D890C47AD3B}"
EndProject
Project("{778DAE3C-4631-46EA-AA77-85C1314464D9}") = "4.7DominioHashTable", "4.7DominioHashTable\4.7DominioHashTable.vbproj", "{2DACD931-8AFC-40DC-8F59-4FE236FFA5CA}"
EndProject
Project("{778DAE3C-4631-46EA-AA77-85C1314464D9}") = "4.8Zeverla", "4.8Zeverla\4.8Zeverla.vbproj", "{1B017EA9-9320-4E73-AFB5-1B9A0544AA0A}"
EndProject
Project("{778DAE3C-4631-46EA-AA77-85C1314464D9}") = "4.9Turnos", "4.9Turnos\4.9Turnos.vbproj", "{4C66A2B2-526C-42E1-9B27-681BC3AA4F44}"
EndProject
Project("{F184B08F-C81C-45F6-A57F-5ABD9991F28F}") = "4.10Chipas", "4.10Chipas\4.10Chipas.vbproj", "{DF6C8574-D560-4333-B77A-7436B3F01A7E}"
EndProject
Global
	GlobalSection(SolutionConfigurationPlatforms) = preSolution
		Debug|Any CPU = Debug|Any CPU
		Release|Any CPU = Release|Any CPU
	EndGlobalSection
	GlobalSection(ProjectConfigurationPlatforms) = postSolution
		{9475CF22-6113-4267-A285-E15FB526A5FB}.Debug|Any CPU.ActiveCfg = Debug|Any CPU
		{9475CF22-6113-4267-A285-E15FB526A5FB}.Debug|Any CPU.Build.0 = Debug|Any CPU
		{9475CF22-6113-4267-A285-E15FB526A5FB}.Release|Any CPU.ActiveCfg = Release|Any CPU
		{9475CF22-6113-4267-A285-E15FB526A5FB}.Release|Any CPU.Build.0 = Release|Any CPU
		{AB156047-F4D1-40C2-81C6-9048DC6B6814}.Debug|Any CPU.ActiveCfg = Debug|Any CPU
		{AB156047-F4D1-40C2-81C6-9048DC6B6814}.Debug|Any CPU.Build.0 = Debug|Any CPU
		{AB156047-F4D1-40C2-81C6-9048DC6B6814}.Release|Any CPU.ActiveCfg = Release|Any CPU
		{AB156047-F4D1-40C2-81C6-9048DC6B6814}.Release|Any CPU.Build.0 = Release|Any CPU
		{809DFC5A-5296-49BD-94B3-42339A079F85}.Debug|Any CPU.ActiveCfg = Debug|Any CPU
		{809DFC5A-5296-49BD-94B3-42339A079F85}.Debug|Any CPU.Build.0 = Debug|Any CPU
		{809DFC5A-5296-49BD-94B3-42339A079F85}.Release|Any CPU.ActiveCfg = Release|Any CPU
		{809DFC5A-5296-49BD-94B3-42339A079F85}.Release|Any CPU.Build.0 = Release|Any CPU
		{FB46EB9D-9801-4134-920F-18BCC0559C6F}.Debug|Any CPU.ActiveCfg = Debug|Any CPU
		{FB46EB9D-9801-4134-920F-18BCC0559C6F}.Debug|Any CPU.Build.0 = Debug|Any CPU
		{FB46EB9D-9801-4134-920F-18BCC0559C6F}.Release|Any CPU.ActiveCfg = Release|Any CPU
		{FB46EB9D-9801-4134-920F-18BCC0559C6F}.Release|Any CPU.Build.0 = Release|Any CPU
		{CD5D55DA-7975-4657-B2A5-C0265452D73D}.Debug|Any CPU.ActiveCfg = Debug|Any CPU
		{CD5D55DA-7975-4657-B2A5-C0265452D73D}.Debug|Any CPU.Build.0 = Debug|Any CPU
		{CD5D55DA-7975-4657-B2A5-C0265452D73D}.Release|Any CPU.ActiveCfg = Release|Any CPU
		{CD5D55DA-7975-4657-B2A5-C0265452D73D}.Release|Any CPU.Build.0 = Release|Any CPU
		{418C93C4-3406-405E-BCB0-28D420D76440}.Debug|Any CPU.ActiveCfg = Debug|Any CPU
		{418C93C4-3406-405E-BCB0-28D420D76440}.Debug|Any CPU.Build.0 = Debug|Any CPU
		{418C93C4-3406-405E-BCB0-28D420D76440}.Release|Any CPU.ActiveCfg = Release|Any CPU
		{418C93C4-3406-405E-BCB0-28D420D76440}.Release|Any CPU.Build.0 = Release|Any CPU
		{F7EFDA2B-8198-434E-A4A8-5D890C47AD3B}.Debug|Any CPU.ActiveCfg = Debug|Any CPU
		{F7EFDA2B-8198-434E-A4A8-5D890C47AD3B}.Debug|Any CPU.Build.0 = Debug|Any CPU
		{F7EFDA2B-8198-434E-A4A8-5D890C47AD3B}.Release|Any CPU.ActiveCfg = Release|Any CPU
		{F7EFDA2B-8198-434E-A4A8-5D890C47AD3B}.Release|Any CPU.Build.0 = Release|Any CPU
		{2DACD931-8AFC-40DC-8F59-4FE236FFA5CA}.Debug|Any CPU.ActiveCfg = Debug|Any CPU
		{2DACD931-8AFC-40DC-8F59-4FE236FFA5CA}.Debug|Any CPU.Build.0 = Debug|Any CPU
		{2DACD931-8AFC-40DC-8F59-4FE236FFA5CA}.Release|Any CPU.ActiveCfg = Release|Any CPU
		{2DACD931-8AFC-40DC-8F59-4FE236FFA5CA}.Release|Any CPU.Build.0 = Release|Any CPU
		{1B017EA9-9320-4E73-AFB5-1B9A0544AA0A}.Debug|Any CPU.ActiveCfg = Debug|Any CPU
		{1B017EA9-9320-4E73-AFB5-1B9A0544AA0A}.Debug|Any CPU.Build.0 = Debug|Any CPU
		{1B017EA9-9320-4E73-AFB5-1B9A0544AA0A}.Release|Any CPU.ActiveCfg = Release|Any CPU
		{1B017EA9-9320-4E73-AFB5-1B9A0544AA0A}.Release|Any CPU.Build.0 = Release|Any CPU
		{4C66A2B2-526C-42E1-9B27-681BC3AA4F44}.Debug|Any CPU.ActiveCfg = Debug|Any CPU
		{4C66A2B2-526C-42E1-9B27-681BC3AA4F44}.Debug|Any CPU.Build.0 = Debug|Any CPU
		{4C66A2B2-526C-42E1-9B27-681BC3AA4F44}.Release|Any CPU.ActiveCfg = Release|Any CPU
		{4C66A2B2-526C-42E1-9B27-681BC3AA4F44}.Release|Any CPU.Build.0 = Release|Any CPU
		{DF6C8574-D560-4333-B77A-7436B3F01A7E}.Debug|Any CPU.ActiveCfg = Debug|Any CPU
		{DF6C8574-D560-4333-B77A-7436B3F01A7E}.Debug|Any CPU.Build.0 = Debug|Any CPU
		{DF6C8574-D560-4333-B77A-7436B3F01A7E}.Release|Any CPU.ActiveCfg = Release|Any CPU
		{DF6C8574-D560-4333-B77A-7436B3F01A7E}.Release|Any CPU.Build.0 = Release|Any CPU
	EndGlobalSection
	GlobalSection(SolutionProperties) = preSolution
		HideSolutionNode = FALSE
	EndGlobalSection
	GlobalSection(ExtensibilityGlobals) = postSolution
		SolutionGuid = {323A859D-65E2-40B3-86A1-4F0E6E0C6F87}
	EndGlobalSection
EndGlobal
